
Microsoft Visual Studio Solution File, Format Version 12.00
# Visual Studio Version 17
VisualStudioVersion = 17.6.33815.320
MinimumVisualStudioVersion = 10.0.40219.1
Project("{9A19103F-16F7-4668-BE54-9A1E7A4F7556}") = "01.SumAdjacentEqualNumbers", "01.SumAdjacentEqualNumbers\01.SumAdjacentEqualNumbers.csproj", "{54F9EE5F-50A6-40E4-AA8C-E428BA8ECA9D}"
EndProject
Project("{9A19103F-16F7-4668-BE54-9A1E7A4F7556}") = "02.Gauss'Trick", "02.Gauss'Trick\02.Gauss'Trick.csproj", "{18A3F37C-E45C-4DA0-9486-31AE1B3116D2}"
EndProject
Project("{FAE04EC0-301F-11D3-BF4B-00C04F79EFBC}") = "03.MergingLists", "03.MergingLists\03.MergingLists.csproj", "{768367B6-1A8C-4029-A842-7920880000C2}"
EndProject
Project("{FAE04EC0-301F-11D3-BF4B-00C04F79EFBC}") = "04.ListofProducts", "04.ListofProducts\04.ListofProducts.csproj", "{E6A8FCF9-7254-4950-AB64-7915449A19C3}"
EndProject
Project("{FAE04EC0-301F-11D3-BF4B-00C04F79EFBC}") = "05.RemoveNegativesandReverse", "05.RemoveNegativesandReverse\05.RemoveNegativesandReverse.csproj", "{90ADE9E0-BFE3-4025-939F-A3EC067E4053}"
EndProject
Project("{FAE04EC0-301F-11D3-BF4B-00C04F79EFBC}") = "06.ListManipulationBasics", "06.ListManipulationBasics\06.ListManipulationBasics.csproj", "{F1D9B56A-89D8-4D39-944E-E83D15F328BC}"
EndProject
Project("{FAE04EC0-301F-11D3-BF4B-00C04F79EFBC}") = "07.ListManipulationAdvanced", "07.ListManipulationAdvanced\07.ListManipulationAdvanced.csproj", "{3FB20791-9722-4DD4-BF85-C05991ABC548}"
EndProject
Project("{FAE04EC0-301F-11D3-BF4B-00C04F79EFBC}") = "01.Train", "01.Train\01.Train.csproj", "{2D582A63-1CFF-4318-9614-B92631FBC820}"
EndProject
Project("{FAE04EC0-301F-11D3-BF4B-00C04F79EFBC}") = "02.ChangeList", "02.ChangeList\02.ChangeList.csproj", "{C19CF85E-CF6A-45D8-8113-A85169DFFFBC}"
EndProject
Project("{FAE04EC0-301F-11D3-BF4B-00C04F79EFBC}") = "03.HouseParty", "03.HouseParty\03.HouseParty.csproj", "{690A4653-0612-45B2-A658-B3A8AA3FFA28}"
EndProject
Project("{FAE04EC0-301F-11D3-BF4B-00C04F79EFBC}") = "04.ListOperations", "04.ListOperations\04.ListOperations.csproj", "{1340F21F-4E3A-445A-B8C5-318C2B3CD8EB}"
EndProject
Project("{FAE04EC0-301F-11D3-BF4B-00C04F79EFBC}") = "05.BombNumbers", "05.BombNumbers\05.BombNumbers.csproj", "{7750D6EF-D05F-4A3F-BBCF-2038E012DAE0}"
EndProject
Project("{FAE04EC0-301F-11D3-BF4B-00C04F79EFBC}") = "06.CardsGame", "06.CardsGame\06.CardsGame.csproj", "{136564AA-B6E9-4932-895B-9D59DD5BFE5F}"
EndProject
Project("{FAE04EC0-301F-11D3-BF4B-00C04F79EFBC}") = "07.AppendArrays", "07.AppendArrays\07.AppendArrays.csproj", "{3EA471B7-8FA9-455B-B4F0-38D969D1D76E}"
EndProject
Global
	GlobalSection(SolutionConfigurationPlatforms) = preSolution
		Debug|Any CPU = Debug|Any CPU
		Release|Any CPU = Release|Any CPU
	EndGlobalSection
	GlobalSection(ProjectConfigurationPlatforms) = postSolution
		{54F9EE5F-50A6-40E4-AA8C-E428BA8ECA9D}.Debug|Any CPU.ActiveCfg = Debug|Any CPU
		{54F9EE5F-50A6-40E4-AA8C-E428BA8ECA9D}.Debug|Any CPU.Build.0 = Debug|Any CPU
		{54F9EE5F-50A6-40E4-AA8C-E428BA8ECA9D}.Release|Any CPU.ActiveCfg = Release|Any CPU
		{54F9EE5F-50A6-40E4-AA8C-E428BA8ECA9D}.Release|Any CPU.Build.0 = Release|Any CPU
		{18A3F37C-E45C-4DA0-9486-31AE1B3116D2}.Debug|Any CPU.ActiveCfg = Debug|Any CPU
		{18A3F37C-E45C-4DA0-9486-31AE1B3116D2}.Debug|Any CPU.Build.0 = Debug|Any CPU
		{18A3F37C-E45C-4DA0-9486-31AE1B3116D2}.Release|Any CPU.ActiveCfg = Release|Any CPU
		{18A3F37C-E45C-4DA0-9486-31AE1B3116D2}.Release|Any CPU.Build.0 = Release|Any CPU
		{768367B6-1A8C-4029-A842-7920880000C2}.Debug|Any CPU.ActiveCfg = Debug|Any CPU
		{768367B6-1A8C-4029-A842-7920880000C2}.Debug|Any CPU.Build.0 = Debug|Any CPU
		{768367B6-1A8C-4029-A842-7920880000C2}.Release|Any CPU.ActiveCfg = Release|Any CPU
		{768367B6-1A8C-4029-A842-7920880000C2}.Release|Any CPU.Build.0 = Release|Any CPU
		{E6A8FCF9-7254-4950-AB64-7915449A19C3}.Debug|Any CPU.ActiveCfg = Debug|Any CPU
		{E6A8FCF9-7254-4950-AB64-7915449A19C3}.Debug|Any CPU.Build.0 = Debug|Any CPU
		{E6A8FCF9-7254-4950-AB64-7915449A19C3}.Release|Any CPU.ActiveCfg = Release|Any CPU
		{E6A8FCF9-7254-4950-AB64-7915449A19C3}.Release|Any CPU.Build.0 = Release|Any CPU
		{90ADE9E0-BFE3-4025-939F-A3EC067E4053}.Debug|Any CPU.ActiveCfg = Debug|Any CPU
		{90ADE9E0-BFE3-4025-939F-A3EC067E4053}.Debug|Any CPU.Build.0 = Debug|Any CPU
		{90ADE9E0-BFE3-4025-939F-A3EC067E4053}.Release|Any CPU.ActiveCfg = Release|Any CPU
		{90ADE9E0-BFE3-4025-939F-A3EC067E4053}.Release|Any CPU.Build.0 = Release|Any CPU
		{F1D9B56A-89D8-4D39-944E-E83D15F328BC}.Debug|Any CPU.ActiveCfg = Debug|Any CPU
		{F1D9B56A-89D8-4D39-944E-E83D15F328BC}.Debug|Any CPU.Build.0 = Debug|Any CPU
		{F1D9B56A-89D8-4D39-944E-E83D15F328BC}.Release|Any CPU.ActiveCfg = Release|Any CPU
		{F1D9B56A-89D8-4D39-944E-E83D15F328BC}.Release|Any CPU.Build.0 = Release|Any CPU
		{3FB20791-9722-4DD4-BF85-C05991ABC548}.Debug|Any CPU.ActiveCfg = Debug|Any CPU
		{3FB20791-9722-4DD4-BF85-C05991ABC548}.Debug|Any CPU.Build.0 = Debug|Any CPU
		{3FB20791-9722-4DD4-BF85-C05991ABC548}.Release|Any CPU.ActiveCfg = Release|Any CPU
		{3FB20791-9722-4DD4-BF85-C05991ABC548}.Release|Any CPU.Build.0 = Release|Any CPU
		{2D582A63-1CFF-4318-9614-B92631FBC820}.Debug|Any CPU.ActiveCfg = Debug|Any CPU
		{2D582A63-1CFF-4318-9614-B92631FBC820}.Debug|Any CPU.Build.0 = Debug|Any CPU
		{2D582A63-1CFF-4318-9614-B92631FBC820}.Release|Any CPU.ActiveCfg = Release|Any CPU
		{2D582A63-1CFF-4318-9614-B92631FBC820}.Release|Any CPU.Build.0 = Release|Any CPU
		{C19CF85E-CF6A-45D8-8113-A85169DFFFBC}.Debug|Any CPU.ActiveCfg = Debug|Any CPU
		{C19CF85E-CF6A-45D8-8113-A85169DFFFBC}.Debug|Any CPU.Build.0 = Debug|Any CPU
		{C19CF85E-CF6A-45D8-8113-A85169DFFFBC}.Release|Any CPU.ActiveCfg = Release|Any CPU
		{C19CF85E-CF6A-45D8-8113-A85169DFFFBC}.Release|Any CPU.Build.0 = Release|Any CPU
		{690A4653-0612-45B2-A658-B3A8AA3FFA28}.Debug|Any CPU.ActiveCfg = Debug|Any CPU
		{690A4653-0612-45B2-A658-B3A8AA3FFA28}.Debug|Any CPU.Build.0 = Debug|Any CPU
		{690A4653-0612-45B2-A658-B3A8AA3FFA28}.Release|Any CPU.ActiveCfg = Release|Any CPU
		{690A4653-0612-45B2-A658-B3A8AA3FFA28}.Release|Any CPU.Build.0 = Release|Any CPU
		{1340F21F-4E3A-445A-B8C5-318C2B3CD8EB}.Debug|Any CPU.ActiveCfg = Debug|Any CPU
		{1340F21F-4E3A-445A-B8C5-318C2B3CD8EB}.Debug|Any CPU.Build.0 = Debug|Any CPU
		{1340F21F-4E3A-445A-B8C5-318C2B3CD8EB}.Release|Any CPU.ActiveCfg = Release|Any CPU
		{1340F21F-4E3A-445A-B8C5-318C2B3CD8EB}.Release|Any CPU.Build.0 = Release|Any CPU
		{7750D6EF-D05F-4A3F-BBCF-2038E012DAE0}.Debug|Any CPU.ActiveCfg = Debug|Any CPU
		{7750D6EF-D05F-4A3F-BBCF-2038E012DAE0}.Debug|Any CPU.Build.0 = Debug|Any CPU
		{7750D6EF-D05F-4A3F-BBCF-2038E012DAE0}.Release|Any CPU.ActiveCfg = Release|Any CPU
		{7750D6EF-D05F-4A3F-BBCF-2038E012DAE0}.Release|Any CPU.Build.0 = Release|Any CPU
		{136564AA-B6E9-4932-895B-9D59DD5BFE5F}.Debug|Any CPU.ActiveCfg = Debug|Any CPU
		{136564AA-B6E9-4932-895B-9D59DD5BFE5F}.Debug|Any CPU.Build.0 = Debug|Any CPU
		{136564AA-B6E9-4932-895B-9D59DD5BFE5F}.Release|Any CPU.ActiveCfg = Release|Any CPU
		{136564AA-B6E9-4932-895B-9D59DD5BFE5F}.Release|Any CPU.Build.0 = Release|Any CPU
		{3EA471B7-8FA9-455B-B4F0-38D969D1D76E}.Debug|Any CPU.ActiveCfg = Debug|Any CPU
		{3EA471B7-8FA9-455B-B4F0-38D969D1D76E}.Debug|Any CPU.Build.0 = Debug|Any CPU
		{3EA471B7-8FA9-455B-B4F0-38D969D1D76E}.Release|Any CPU.ActiveCfg = Release|Any CPU
		{3EA471B7-8FA9-455B-B4F0-38D969D1D76E}.Release|Any CPU.Build.0 = Release|Any CPU
	EndGlobalSection
	GlobalSection(SolutionProperties) = preSolution
		HideSolutionNode = FALSE
	EndGlobalSection
	GlobalSection(ExtensibilityGlobals) = postSolution
		SolutionGuid = {7016D055-0E35-4E25-8941-0A33B520AB7A}
	EndGlobalSection
EndGlobal
